
Microsoft Visual Studio Solution File, Format Version 12.00
# Visual Studio 2012
Project("{FAE04EC0-301F-11D3-BF4B-00C04F79EFBC}") = "TagGesture", "TagGesture\TagGesture.csproj", "{B6E8B2E4-158F-4CE6-BC8F-62182707F158}"
EndProject
Project("{FAE04EC0-301F-11D3-BF4B-00C04F79EFBC}") = "DopplerVisualization", "DopplerVisualization\DopplerVisualization.csproj", "{44DFA8F0-4F83-4C40-9794-D5A091E67AA3}"
EndProject
Global
	GlobalSection(SolutionConfigurationPlatforms) = preSolution
		Debug|Any CPU = Debug|Any CPU
		Release|Any CPU = Release|Any CPU
	EndGlobalSection
	GlobalSection(ProjectConfigurationPlatforms) = postSolution
		{B6E8B2E4-158F-4CE6-BC8F-62182707F158}.Debug|Any CPU.ActiveCfg = Debug|Any CPU
		{B6E8B2E4-158F-4CE6-BC8F-62182707F158}.Debug|Any CPU.Build.0 = Debug|Any CPU
		{B6E8B2E4-158F-4CE6-BC8F-62182707F158}.Release|Any CPU.ActiveCfg = Release|Any CPU
		{B6E8B2E4-158F-4CE6-BC8F-62182707F158}.Release|Any CPU.Build.0 = Release|Any CPU
		{44DFA8F0-4F83-4C40-9794-D5A091E67AA3}.Debug|Any CPU.ActiveCfg = Debug|Any CPU
		{44DFA8F0-4F83-4C40-9794-D5A091E67AA3}.Debug|Any CPU.Build.0 = Debug|Any CPU
		{44DFA8F0-4F83-4C40-9794-D5A091E67AA3}.Release|Any CPU.ActiveCfg = Release|Any CPU
		{44DFA8F0-4F83-4C40-9794-D5A091E67AA3}.Release|Any CPU.Build.0 = Release|Any CPU
	EndGlobalSection
	GlobalSection(SolutionProperties) = preSolution
		HideSolutionNode = FALSE
	EndGlobalSection
EndGlobal
